
Microsoft Visual Studio Solution File, Format Version 12.00
# Visual Studio Version 16
VisualStudioVersion = 16.0.29911.84
MinimumVisualStudioVersion = 10.0.40219.1
Project("{FAE04EC0-301F-11D3-BF4B-00C04F79EFBC}") = "InitichSuite", "InitichSuite\InitichSuite.csproj", "{B7B57C9F-5A69-4D06-8741-74F0E3DB599B}"
EndProject
Global
	GlobalSection(SolutionConfigurationPlatforms) = preSolution
		Debug|Any CPU = Debug|Any CPU
		Release|Any CPU = Release|Any CPU
	EndGlobalSection
	GlobalSection(ProjectConfigurationPlatforms) = postSolution
		{B7B57C9F-5A69-4D06-8741-74F0E3DB599B}.Debug|Any CPU.ActiveCfg = Debug|Any CPU
		{B7B57C9F-5A69-4D06-8741-74F0E3DB599B}.Debug|Any CPU.Build.0 = Debug|Any CPU
		{B7B57C9F-5A69-4D06-8741-74F0E3DB599B}.Release|Any CPU.ActiveCfg = Release|Any CPU
		{B7B57C9F-5A69-4D06-8741-74F0E3DB599B}.Release|Any CPU.Build.0 = Release|Any CPU
	EndGlobalSection
	GlobalSection(SolutionProperties) = preSolution
		HideSolutionNode = FALSE
	EndGlobalSection
	GlobalSection(ExtensibilityGlobals) = postSolution
		SolutionGuid = {03ACF0E4-E2BF-4B30-AE2B-9E79FF0FE9FE}
	EndGlobalSection
EndGlobal
